// !$*UTF8*$!
{
	archiveVersion = 1;
	classes = {
	};
	objectVersion = 46;
	objects = {

/* Begin PBXBuildFile section */
		506764CA1B5EBE1800EE4014 /* main.m in Sources */ = {isa = PBXBuildFile; fileRef = 506764C91B5EBE1800EE4014 /* main.m */; };
		506764CD1B5EBE1800EE4014 /* AppDelegate.m in Sources */ = {isa = PBXBuildFile; fileRef = 506764CC1B5EBE1800EE4014 /* AppDelegate.m */; };
		506764D01B5EBE1800EE4014 /* Receipts__.xcdatamodeld in Sources */ = {isa = PBXBuildFile; fileRef = 506764CE1B5EBE1800EE4014 /* Receipts__.xcdatamodeld */; };
		506764D31B5EBE1800EE4014 /* ViewController.m in Sources */ = {isa = PBXBuildFile; fileRef = 506764D21B5EBE1800EE4014 /* ViewController.m */; };
		506764D61B5EBE1800EE4014 /* Main.storyboard in Resources */ = {isa = PBXBuildFile; fileRef = 506764D41B5EBE1800EE4014 /* Main.storyboard */; };
		506764D81B5EBE1800EE4014 /* Images.xcassets in Resources */ = {isa = PBXBuildFile; fileRef = 506764D71B5EBE1800EE4014 /* Images.xcassets */; };
		506764DB1B5EBE1800EE4014 /* LaunchScreen.xib in Resources */ = {isa = PBXBuildFile; fileRef = 506764D91B5EBE1800EE4014 /* LaunchScreen.xib */; };
		506764E71B5EBE1800EE4014 /* Receipts__Tests.m in Sources */ = {isa = PBXBuildFile; fileRef = 506764E61B5EBE1800EE4014 /* Receipts__Tests.m */; };
		506764F21B5EE66200EE4014 /* ReceiptViewController.m in Sources */ = {isa = PBXBuildFile; fileRef = 506764F11B5EE66200EE4014 /* ReceiptViewController.m */; };
		506764F81B5F158900EE4014 /* Receipt.m in Sources */ = {isa = PBXBuildFile; fileRef = 506764F71B5F158900EE4014 /* Receipt.m */; };
		506764FB1B5F161700EE4014 /* Tag.m in Sources */ = {isa = PBXBuildFile; fileRef = 506764FA1B5F161700EE4014 /* Tag.m */; };
/* End PBXBuildFile section */

/* Begin PBXContainerItemProxy section */
		506764E11B5EBE1800EE4014 /* PBXContainerItemProxy */ = {
			isa = PBXContainerItemProxy;
			containerPortal = 506764BC1B5EBE1800EE4014 /* Project object */;
			proxyType = 1;
			remoteGlobalIDString = 506764C31B5EBE1800EE4014;
			remoteInfo = "Receipts++";
		};
/* End PBXContainerItemProxy section */

/* Begin PBXFileReference section */
		506764C41B5EBE1800EE4014 /* Receipts++.app */ = {isa = PBXFileReference; explicitFileType = wrapper.application; includeInIndex = 0; path = "Receipts++.app"; sourceTree = BUILT_PRODUCTS_DIR; };
		506764C81B5EBE1800EE4014 /* Info.plist */ = {isa = PBXFileReference; lastKnownFileType = text.plist.xml; path = Info.plist; sourceTree = "<group>"; };
		506764C91B5EBE1800EE4014 /* main.m */ = {isa = PBXFileReference; lastKnownFileType = sourcecode.c.objc; path = main.m; sourceTree = "<group>"; };
		506764CB1B5EBE1800EE4014 /* AppDelegate.h */ = {isa = PBXFileReference; lastKnownFileType = sourcecode.c.h; path = AppDelegate.h; sourceTree = "<group>"; };
		506764CC1B5EBE1800EE4014 /* AppDelegate.m */ = {isa = PBXFileReference; lastKnownFileType = sourcecode.c.objc; path = AppDelegate.m; sourceTree = "<group>"; };
		506764CF1B5EBE1800EE4014 /* Receipts__.xcdatamodel */ = {isa = PBXFileReference; lastKnownFileType = wrapper.xcdatamodel; path = Receipts__.xcdatamodel; sourceTree = "<group>"; };
		506764D11B5EBE1800EE4014 /* ViewController.h */ = {isa = PBXFileReference; lastKnownFileType = sourcecode.c.h; path = ViewController.h; sourceTree = "<group>"; };
		506764D21B5EBE1800EE4014 /* ViewController.m */ = {isa = PBXFileReference; lastKnownFileType = sourcecode.c.objc; path = ViewController.m; sourceTree = "<group>"; };
		506764D51B5EBE1800EE4014 /* Base */ = {isa = PBXFileReference; lastKnownFileType = file.storyboard; name = Base; path = Base.lproj/Main.storyboard; sourceTree = "<group>"; };
		506764D71B5EBE1800EE4014 /* Images.xcassets */ = {isa = PBXFileReference; lastKnownFileType = folder.assetcatalog; path = Images.xcassets; sourceTree = "<group>"; };
		506764DA1B5EBE1800EE4014 /* Base */ = {isa = PBXFileReference; lastKnownFileType = file.xib; name = Base; path = Base.lproj/LaunchScreen.xib; sourceTree = "<group>"; };
		506764E01B5EBE1800EE4014 /* Receipts++Tests.xctest */ = {isa = PBXFileReference; explicitFileType = wrapper.cfbundle; includeInIndex = 0; path = "Receipts++Tests.xctest"; sourceTree = BUILT_PRODUCTS_DIR; };
		506764E51B5EBE1800EE4014 /* Info.plist */ = {isa = PBXFileReference; lastKnownFileType = text.plist.xml; path = Info.plist; sourceTree = "<group>"; };
		506764E61B5EBE1800EE4014 /* Receipts__Tests.m */ = {isa = PBXFileReference; lastKnownFileType = sourcecode.c.objc; path = Receipts__Tests.m; sourceTree = "<group>"; };
		506764F01B5EE66200EE4014 /* ReceiptViewController.h */ = {isa = PBXFileReference; fileEncoding = 4; lastKnownFileType = sourcecode.c.h; path = ReceiptViewController.h; sourceTree = "<group>"; };
		506764F11B5EE66200EE4014 /* ReceiptViewController.m */ = {isa = PBXFileReference; fileEncoding = 4; lastKnownFileType = sourcecode.c.objc; path = ReceiptViewController.m; sourceTree = "<group>"; };
		506764F61B5F158900EE4014 /* Receipt.h */ = {isa = PBXFileReference; fileEncoding = 4; lastKnownFileType = sourcecode.c.h; path = Receipt.h; sourceTree = "<group>"; };
		506764F71B5F158900EE4014 /* Receipt.m */ = {isa = PBXFileReference; fileEncoding = 4; lastKnownFileType = sourcecode.c.objc; path = Receipt.m; sourceTree = "<group>"; };
		506764F91B5F161700EE4014 /* Tag.h */ = {isa = PBXFileReference; fileEncoding = 4; lastKnownFileType = sourcecode.c.h; path = Tag.h; sourceTree = "<group>"; };
		506764FA1B5F161700EE4014 /* Tag.m */ = {isa = PBXFileReference; fileEncoding = 4; lastKnownFileType = sourcecode.c.objc; path = Tag.m; sourceTree = "<group>"; };
/* End PBXFileReference section */

/* Begin PBXFrameworksBuildPhase section */
		506764C11B5EBE1800EE4014 /* Frameworks */ = {
			isa = PBXFrameworksBuildPhase;
			buildActionMask = 2147483647;
			files = (
			);
			runOnlyForDeploymentPostprocessing = 0;
		};
		506764DD1B5EBE1800EE4014 /* Frameworks */ = {
			isa = PBXFrameworksBuildPhase;
			buildActionMask = 2147483647;
			files = (
			);
			runOnlyForDeploymentPostprocessing = 0;
		};
/* End PBXFrameworksBuildPhase section */

/* Begin PBXGroup section */
		506764BB1B5EBE1800EE4014 = {
			isa = PBXGroup;
			children = (
				506764C61B5EBE1800EE4014 /* Receipts++ */,
				506764E31B5EBE1800EE4014 /* Receipts++Tests */,
				506764C51B5EBE1800EE4014 /* Products */,
			);
			sourceTree = "<group>";
		};
		506764C51B5EBE1800EE4014 /* Products */ = {
			isa = PBXGroup;
			children = (
				506764C41B5EBE1800EE4014 /* Receipts++.app */,
				506764E01B5EBE1800EE4014 /* Receipts++Tests.xctest */,
			);
			name = Products;
			sourceTree = "<group>";
		};
		506764C61B5EBE1800EE4014 /* Receipts++ */ = {
			isa = PBXGroup;
			children = (
				506764F91B5F161700EE4014 /* Tag.h */,
				506764FA1B5F161700EE4014 /* Tag.m */,
				506764F61B5F158900EE4014 /* Receipt.h */,
				506764F71B5F158900EE4014 /* Receipt.m */,
				506764CB1B5EBE1800EE4014 /* AppDelegate.h */,
				506764CC1B5EBE1800EE4014 /* AppDelegate.m */,
				506764D11B5EBE1800EE4014 /* ViewController.h */,
				506764D21B5EBE1800EE4014 /* ViewController.m */,
				506764F01B5EE66200EE4014 /* ReceiptViewController.h */,
				506764F11B5EE66200EE4014 /* ReceiptViewController.m */,
				506764D41B5EBE1800EE4014 /* Main.storyboard */,
				506764D71B5EBE1800EE4014 /* Images.xcassets */,
				506764D91B5EBE1800EE4014 /* LaunchScreen.xib */,
				506764CE1B5EBE1800EE4014 /* Receipts__.xcdatamodeld */,
				506764C71B5EBE1800EE4014 /* Supporting Files */,
			);
			path = "Receipts++";
			sourceTree = "<group>";
		};
		506764C71B5EBE1800EE4014 /* Supporting Files */ = {
			isa = PBXGroup;
			children = (
				506764C81B5EBE1800EE4014 /* Info.plist */,
				506764C91B5EBE1800EE4014 /* main.m */,
			);
			name = "Supporting Files";
			sourceTree = "<group>";
		};
		506764E31B5EBE1800EE4014 /* Receipts++Tests */ = {
			isa = PBXGroup;
			children = (
				506764E61B5EBE1800EE4014 /* Receipts__Tests.m */,
				506764E41B5EBE1800EE4014 /* Supporting Files */,
			);
			path = "Receipts++Tests";
			sourceTree = "<group>";
		};
		506764E41B5EBE1800EE4014 /* Supporting Files */ = {
			isa = PBXGroup;
			children = (
				506764E51B5EBE1800EE4014 /* Info.plist */,
			);
			name = "Supporting Files";
			sourceTree = "<group>";
		};
/* End PBXGroup section */

/* Begin PBXNativeTarget section */
		506764C31B5EBE1800EE4014 /* Receipts++ */ = {
			isa = PBXNativeTarget;
			buildConfigurationList = 506764EA1B5EBE1800EE4014 /* Build configuration list for PBXNativeTarget "Receipts++" */;
			buildPhases = (
				506764C01B5EBE1800EE4014 /* Sources */,
				506764C11B5EBE1800EE4014 /* Frameworks */,
				506764C21B5EBE1800EE4014 /* Resources */,
			);
			buildRules = (
			);
			dependencies = (
			);
			name = "Receipts++";
			productName = "Receipts++";
			productReference = 506764C41B5EBE1800EE4014 /* Receipts++.app */;
			productType = "com.apple.product-type.application";
		};
		506764DF1B5EBE1800EE4014 /* Receipts++Tests */ = {
			isa = PBXNativeTarget;
			buildConfigurationList = 506764ED1B5EBE1800EE4014 /* Build configuration list for PBXNativeTarget "Receipts++Tests" */;
			buildPhases = (
				506764DC1B5EBE1800EE4014 /* Sources */,
				506764DD1B5EBE1800EE4014 /* Frameworks */,
				506764DE1B5EBE1800EE4014 /* Resources */,
			);
			buildRules = (
			);
			dependencies = (
				506764E21B5EBE1800EE4014 /* PBXTargetDependency */,
			);
			name = "Receipts++Tests";
			productName = "Receipts++Tests";
			productReference = 506764E01B5EBE1800EE4014 /* Receipts++Tests.xctest */;
			productType = "com.apple.product-type.bundle.unit-test";
		};
/* End PBXNativeTarget section */

/* Begin PBXProject section */
		506764BC1B5EBE1800EE4014 /* Project object */ = {
			isa = PBXProject;
			attributes = {
				LastUpgradeCheck = 0640;
				ORGANIZATIONNAME = ASolo;
				TargetAttributes = {
					506764C31B5EBE1800EE4014 = {
						CreatedOnToolsVersion = 6.4;
					};
					506764DF1B5EBE1800EE4014 = {
						CreatedOnToolsVersion = 6.4;
						TestTargetID = 506764C31B5EBE1800EE4014;
					};
				};
			};
			buildConfigurationList = 506764BF1B5EBE1800EE4014 /* Build configuration list for PBXProject "Receipts++" */;
			compatibilityVersion = "Xcode 3.2";
			developmentRegion = English;
			hasScannedForEncodings = 0;
			knownRegions = (
				en,
				Base,
			);
			mainGroup = 506764BB1B5EBE1800EE4014;
			productRefGroup = 506764C51B5EBE1800EE4014 /* Products */;
			projectDirPath = "";
			projectRoot = "";
			targets = (
				506764C31B5EBE1800EE4014 /* Receipts++ */,
				506764DF1B5EBE1800EE4014 /* Receipts++Tests */,
			);
		};
/* End PBXProject section */

/* Begin PBXResourcesBuildPhase section */
		506764C21B5EBE1800EE4014 /* Resources */ = {
			isa = PBXResourcesBuildPhase;
			buildActionMask = 2147483647;
			files = (
				506764D61B5EBE1800EE4014 /* Main.storyboard in Resources */,
				506764DB1B5EBE1800EE4014 /* LaunchScreen.xib in Resources */,
				506764D81B5EBE1800EE4014 /* Images.xcassets in Resources */,
			);
			runOnlyForDeploymentPostprocessing = 0;
		};
		506764DE1B5EBE1800EE4014 /* Resources */ = {
			isa = PBXResourcesBuildPhase;
			buildActionMask = 2147483647;
			files = (
			);
			runOnlyForDeploymentPostprocessing = 0;
		};
/* End PBXResourcesBuildPhase section */

/* Begin PBXSourcesBuildPhase section */
		506764C01B5EBE1800EE4014 /* Sources */ = {
			isa = PBXSourcesBuildPhase;
			buildActionMask = 2147483647;
			files = (
				506764CD1B5EBE1800EE4014 /* AppDelegate.m in Sources */,
				506764CA1B5EBE1800EE4014 /* main.m in Sources */,
				506764F81B5F158900EE4014 /* Receipt.m in Sources */,
				506764FB1B5F161700EE4014 /* Tag.m in Sources */,
				506764D31B5EBE1800EE4014 /* ViewController.m in Sources */,
				506764F21B5EE66200EE4014 /* ReceiptViewController.m in Sources */,
				506764D01B5EBE1800EE4014 /* Receipts__.xcdatamodeld in Sources */,
			);
			runOnlyForDeploymentPostprocessing = 0;
		};
		506764DC1B5EBE1800EE4014 /* Sources */ = {
			isa = PBXSourcesBuildPhase;
			buildActionMask = 2147483647;
			files = (
				506764E71B5EBE1800EE4014 /* Receipts__Tests.m in Sources */,
			);
			runOnlyForDeploymentPostprocessing = 0;
		};
/* End PBXSourcesBuildPhase section */

/* Begin PBXTargetDependency section */
		506764E21B5EBE1800EE4014 /* PBXTargetDependency */ = {
			isa = PBXTargetDependency;
			target = 506764C31B5EBE1800EE4014 /* Receipts++ */;
			targetProxy = 506764E11B5EBE1800EE4014 /* PBXContainerItemProxy */;
		};
/* End PBXTargetDependency section */

/* Begin PBXVariantGroup section */
		506764D41B5EBE1800EE4014 /* Main.storyboard */ = {
			isa = PBXVariantGroup;
			children = (
				506764D51B5EBE1800EE4014 /* Base */,
			);
			name = Main.storyboard;
			sourceTree = "<group>";
		};
		506764D91B5EBE1800EE4014 /* LaunchScreen.xib */ = {
			isa = PBXVariantGroup;
			children = (
				506764DA1B5EBE1800EE4014 /* Base */,
			);
			name = LaunchScreen.xib;
			sourceTree = "<group>";
		};
/* End PBXVariantGroup section */

/* Begin XCBuildConfiguration section */
		506764E81B5EBE1800EE4014 /* Debug */ = {
			isa = XCBuildConfiguration;
			buildSettings = {
				ALWAYS_SEARCH_USER_PATHS = NO;
				CLANG_CXX_LANGUAGE_STANDARD = "gnu++0x";
				CLANG_CXX_LIBRARY = "libc++";
				CLANG_ENABLE_MODULES = YES;
				CLANG_ENABLE_OBJC_ARC = YES;
				CLANG_WARN_BOOL_CONVERSION = YES;
				CLANG_WARN_CONSTANT_CONVERSION = YES;
				CLANG_WARN_DIRECT_OBJC_ISA_USAGE = YES_ERROR;
				CLANG_WARN_EMPTY_BODY = YES;
				CLANG_WARN_ENUM_CONVERSION = YES;
				CLANG_WARN_INT_CONVERSION = YES;
				CLANG_WARN_OBJC_ROOT_CLASS = YES_ERROR;
				CLANG_WARN_UNREACHABLE_CODE = YES;
				CLANG_WARN__DUPLICATE_METHOD_MATCH = YES;
				"CODE_SIGN_IDENTITY[sdk=iphoneos*]" = "iPhone Developer";
				COPY_PHASE_STRIP = NO;
				DEBUG_INFORMATION_FORMAT = "dwarf-with-dsym";
				ENABLE_STRICT_OBJC_MSGSEND = YES;
				GCC_C_LANGUAGE_STANDARD = gnu99;
				GCC_DYNAMIC_NO_PIC = NO;
				GCC_NO_COMMON_BLOCKS = YES;
				GCC_OPTIMIZATION_LEVEL = 0;
				GCC_PREPROCESSOR_DEFINITIONS = (
					"DEBUG=1",
					"$(inherited)",
				);
				GCC_SYMBOLS_PRIVATE_EXTERN = NO;
				GCC_WARN_64_TO_32_BIT_CONVERSION = YES;
				GCC_WARN_ABOUT_RETURN_TYPE = YES_ERROR;
				GCC_WARN_UNDECLARED_SELECTOR = YES;
				GCC_WARN_UNINITIALIZED_AUTOS = YES_AGGRESSIVE;
				GCC_WARN_UNUSED_FUNCTION = YES;
				GCC_WARN_UNUSED_VARIABLE = YES;
				IPHONEOS_DEPLOYMENT_TARGET = 8.4;
				MTL_ENABLE_DEBUG_INFO = YES;
				ONLY_ACTIVE_ARCH = YES;
				SDKROOT = iphoneos;
			};
			name = Debug;
		};
		506764E91B5EBE1800EE4014 /* Release */ = {
			isa = XCBuildConfiguration;
			buildSettings = {
				ALWAYS_SEARCH_USER_PATHS = NO;
				CLANG_CXX_LANGUAGE_STANDARD = "gnu++0x";
				CLANG_CXX_LIBRARY = "libc++";
				CLANG_ENABLE_MODULES = YES;
				CLANG_ENABLE_OBJC_ARC = YES;
				CLANG_WARN_BOOL_CONVERSION = YES;
				CLANG_WARN_CONSTANT_CONVERSION = YES;
				CLANG_WARN_DIRECT_OBJC_ISA_USAGE = YES_ERROR;
				CLANG_WARN_EMPTY_BODY = YES;
				CLANG_WARN_ENUM_CONVERSION = YES;
				CLANG_WARN_INT_CONVERSION = YES;
				CLANG_WARN_OBJC_ROOT_CLASS = YES_ERROR;
				CLANG_WARN_UNREACHABLE_CODE = YES;
				CLANG_WARN__DUPLICATE_METHOD_MATCH = YES;
				"CODE_SIGN_IDENTITY[sdk=iphoneos*]" = "iPhone Developer";
				COPY_PHASE_STRIP = NO;
				DEBUG_INFORMATION_FORMAT = "dwarf-with-dsym";
				ENABLE_NS_ASSERTIONS = NO;
				ENABLE_STRICT_OBJC_MSGSEND = YES;
				GCC_C_LANGUAGE_STANDARD = gnu99;
				GCC_NO_COMMON_BLOCKS = YES;
				GCC_WARN_64_TO_32_BIT_CONVERSION = YES;
				GCC_WARN_ABOUT_RETURN_TYPE = YES_ERROR;
				GCC_WARN_UNDECLARED_SELECTOR = YES;
				GCC_WARN_UNINITIALIZED_AUTOS = YES_AGGRESSIVE;
				GCC_WARN_UNUSED_FUNCTION = YES;
				GCC_WARN_UNUSED_VARIABLE = YES;
				IPHONEOS_DEPLOYMENT_TARGET = 8.4;
				MTL_ENABLE_DEBUG_INFO = NO;
				SDKROOT = iphoneos;
				VALIDATE_PRODUCT = YES;
			};
			name = Release;
		};
		506764EB1B5EBE1800EE4014 /* Debug */ = {
			isa = XCBuildConfiguration;
			buildSettings = {
				ASSETCATALOG_COMPILER_APPICON_NAME = AppIcon;
				INFOPLIST_FILE = "Receipts++/Info.plist";
				LD_RUNPATH_SEARCH_PATHS = "$(inherited) @executable_path/Frameworks";
				PRODUCT_NAME = "$(TARGET_NAME)";
			};
			name = Debug;
		};
		506764EC1B5EBE1800EE4014 /* Release */ = {
			isa = XCBuildConfiguration;
			buildSettings = {
				ASSETCATALOG_COMPILER_APPICON_NAME = AppIcon;
				INFOPLIST_FILE = "Receipts++/Info.plist";
				LD_RUNPATH_SEARCH_PATHS = "$(inherited) @executable_path/Frameworks";
				PRODUCT_NAME = "$(TARGET_NAME)";
			};
			name = Release;
		};
		506764EE1B5EBE1800EE4014 /* Debug */ = {
			isa = XCBuildConfiguration;
			buildSettings = {
				BUNDLE_LOADER = "$(TEST_HOST)";
				FRAMEWORK_SEARCH_PATHS = (
					"$(SDKROOT)/Developer/Library/Frameworks",
					"$(inherited)",
				);
				GCC_PREPROCESSOR_DEFINITIONS = (
					"DEBUG=1",
					"$(inherited)",
				);
				INFOPLIST_FILE = "Receipts++Tests/Info.plist";
				LD_RUNPATH_SEARCH_PATHS = "$(inherited) @executable_path/Frameworks @loader_path/Frameworks";
				PRODUCT_NAME = "$(TARGET_NAME)";
				TEST_HOST = "$(BUILT_PRODUCTS_DIR)/Receipts++.app/Receipts++";
			};
			name = Debug;
		};
		506764EF1B5EBE1800EE4014 /* Release */ = {
			isa = XCBuildConfiguration;
			buildSettings = {
				BUNDLE_LOADER = "$(TEST_HOST)";
				FRAMEWORK_SEARCH_PATHS = (
					"$(SDKROOT)/Developer/Library/Frameworks",
					"$(inherited)",
				);
				INFOPLIST_FILE = "Receipts++Tests/Info.plist";
				LD_RUNPATH_SEARCH_PATHS = "$(inherited) @executable_path/Frameworks @loader_path/Frameworks";
				PRODUCT_NAME = "$(TARGET_NAME)";
				TEST_HOST = "$(BUILT_PRODUCTS_DIR)/Receipts++.app/Receipts++";
			};
			name = Release;
		};
/* End XCBuildConfiguration section */

/* Begin XCConfigurationList section */
		506764BF1B5EBE1800EE4014 /* Build configuration list for PBXProject "Receipts++" */ = {
			isa = XCConfigurationList;
			buildConfigurations = (
				506764E81B5EBE1800EE4014 /* Debug */,
				506764E91B5EBE1800EE4014 /* Release */,
			);
			defaultConfigurationIsVisible = 0;
			defaultConfigurationName = Release;
		};
		506764EA1B5EBE1800EE4014 /* Build configuration list for PBXNativeTarget "Receipts++" */ = {
			isa = XCConfigurationList;
			buildConfigurations = (
				506764EB1B5EBE1800EE4014 /* Debug */,
				506764EC1B5EBE1800EE4014 /* Release */,
			);
			defaultConfigurationIsVisible = 0;
		};
		506764ED1B5EBE1800EE4014 /* Build configuration list for PBXNativeTarget "Receipts++Tests" */ = {
			isa = XCConfigurationList;
			buildConfigurations = (
				506764EE1B5EBE1800EE4014 /* Debug */,
				506764EF1B5EBE1800EE4014 /* Release */,
			);
			defaultConfigurationIsVisible = 0;
		};
/* End XCConfigurationList section */

/* Begin XCVersionGroup section */
		506764CE1B5EBE1800EE4014 /* Receipts__.xcdatamodeld */ = {
			isa = XCVersionGroup;
			children = (
				506764CF1B5EBE1800EE4014 /* Receipts__.xcdatamodel */,
			);
			currentVersion = 506764CF1B5EBE1800EE4014 /* Receipts__.xcdatamodel */;
			path = Receipts__.xcdatamodeld;
			sourceTree = "<group>";
			versionGroupType = wrapper.xcdatamodel;
		};
/* End XCVersionGroup section */
	};
	rootObject = 506764BC1B5EBE1800EE4014 /* Project object */;
}
